
Microsoft Visual Studio Solution File, Format Version 12.00
Project("{FAE04EC0-301F-11D3-BF4B-00C04F79EFBC}") = "OlympicWords", "OlympicWords.csproj", "{9AE097AB-BAE4-4CD3-9CAE-6955FA3C4CDD}"
EndProject
Project("{FAE04EC0-301F-11D3-BF4B-00C04F79EFBC}") = "Tests", "..\Tests\Tests.csproj", "{97906454-B33F-49E6-94D6-C4FF6FB956DD}"
EndProject
Global
	GlobalSection(SolutionConfigurationPlatforms) = preSolution
		Debug|Any CPU = Debug|Any CPU
		Release|Any CPU = Release|Any CPU
	EndGlobalSection
	GlobalSection(ProjectConfigurationPlatforms) = postSolution
		{9AE097AB-BAE4-4CD3-9CAE-6955FA3C4CDD}.Debug|Any CPU.ActiveCfg = Debug|Any CPU
		{9AE097AB-BAE4-4CD3-9CAE-6955FA3C4CDD}.Debug|Any CPU.Build.0 = Debug|Any CPU
		{9AE097AB-BAE4-4CD3-9CAE-6955FA3C4CDD}.Release|Any CPU.ActiveCfg = Release|Any CPU
		{9AE097AB-BAE4-4CD3-9CAE-6955FA3C4CDD}.Release|Any CPU.Build.0 = Release|Any CPU
		{97906454-B33F-49E6-94D6-C4FF6FB956DD}.Debug|Any CPU.ActiveCfg = Debug|Any CPU
		{97906454-B33F-49E6-94D6-C4FF6FB956DD}.Debug|Any CPU.Build.0 = Debug|Any CPU
		{97906454-B33F-49E6-94D6-C4FF6FB956DD}.Release|Any CPU.ActiveCfg = Release|Any CPU
		{97906454-B33F-49E6-94D6-C4FF6FB956DD}.Release|Any CPU.Build.0 = Release|Any CPU
	EndGlobalSection
EndGlobal
